
Microsoft Visual Studio Solution File, Format Version 12.00
# Visual Studio Version 16
VisualStudioVersion = 16.0.29609.76
MinimumVisualStudioVersion = 10.0.40219.1
Project("{9A19103F-16F7-4668-BE54-9A1E7A4F7556}") = "ESFA.DC.SubmitLearnerData.API.Public.Interface", "ESFA.DC.SubmitLearnerData.API.Public.Interface\ESFA.DC.SubmitLearnerData.API.Public.Interface.csproj", "{F053FA5E-9267-48E1-AB33-AEF5B0449CCF}"
EndProject
Project("{9A19103F-16F7-4668-BE54-9A1E7A4F7556}") = "ESFA.DC.SubmitLearnerData.API.Public.Model", "ESFA.DC.SubmitLearnerData.API.Public.Model\ESFA.DC.SubmitLearnerData.API.Public.Model.csproj", "{A858E562-E805-4939-A53A-21F2AB342F49}"
EndProject
Project("{9A19103F-16F7-4668-BE54-9A1E7A4F7556}") = "ESFA.DC.SubmitLearnerData.API.Public", "ESFA.DC.SubmitLearnerData.API.Public\ESFA.DC.SubmitLearnerData.API.Public.csproj", "{07ABBDD6-13FE-49D3-8C3E-6FE1D2DAC829}"
EndProject
Project("{9A19103F-16F7-4668-BE54-9A1E7A4F7556}") = "ESFA.DC.SubmitLearnerData.API.Public.Modules", "ESFA.DC.SubmitLearnerData.API.Public.Modules\ESFA.DC.SubmitLearnerData.API.Public.Modules.csproj", "{79F4E353-9131-4E55-83CE-BD722FBC4195}"
EndProject
Project("{9A19103F-16F7-4668-BE54-9A1E7A4F7556}") = "ESFA.DC.SubmitLearnerData.API.Public.Service", "ESFA.DC.SubmitLearnerData.API.Public.Service\ESFA.DC.SubmitLearnerData.API.Public.Service.csproj", "{829B5D07-46F9-4FD3-99AB-C01914CE03FC}"
EndProject
Project("{9A19103F-16F7-4668-BE54-9A1E7A4F7556}") = "ESFA.DC.SubmitLearnerData.API.Public.Utils", "ESFA.DC.SubmitLearnerData.API.Public.Utils\ESFA.DC.SubmitLearnerData.API.Public.Utils.csproj", "{E3DAF92E-E72F-450D-A452-1B3BF531A9F7}"
EndProject
Project("{9A19103F-16F7-4668-BE54-9A1E7A4F7556}") = "ESFA.DC.SubmitLearnerData.API.Public.Tests", "ESFA.DC.SubmitLearnerData.API.Public.Tests\ESFA.DC.SubmitLearnerData.API.Public.Tests.csproj", "{ECCED43F-5930-4D38-ABFC-B602AFDB5C26}"
EndProject
Project("{FAE04EC0-301F-11D3-BF4B-00C04F79EFBC}") = "ESFA.DC.SubmitLearnerData.API.Public.Service.Tests", "ESFA.DC.SubmitLearnerData.API.Public.Service.Tests\ESFA.DC.SubmitLearnerData.API.Public.Service.Tests.csproj", "{61C4317F-5EC0-446D-A0E6-560D9EAAAF66}"
EndProject
Project("{2150E333-8FDC-42A3-9474-1A3956D46DE8}") = "Solution Items", "Solution Items", "{A295F494-6675-46FC-A62F-AD72FCF6257C}"
	ProjectSection(SolutionItems) = preProject
		..\azure-pipelines.yml = ..\azure-pipelines.yml
		..\README.md = ..\README.md
	EndProjectSection
EndProject
Global
	GlobalSection(SolutionConfigurationPlatforms) = preSolution
		Debug|Any CPU = Debug|Any CPU
		Release|Any CPU = Release|Any CPU
	EndGlobalSection
	GlobalSection(ProjectConfigurationPlatforms) = postSolution
		{F053FA5E-9267-48E1-AB33-AEF5B0449CCF}.Debug|Any CPU.ActiveCfg = Debug|Any CPU
		{F053FA5E-9267-48E1-AB33-AEF5B0449CCF}.Debug|Any CPU.Build.0 = Debug|Any CPU
		{F053FA5E-9267-48E1-AB33-AEF5B0449CCF}.Release|Any CPU.ActiveCfg = Release|Any CPU
		{F053FA5E-9267-48E1-AB33-AEF5B0449CCF}.Release|Any CPU.Build.0 = Release|Any CPU
		{A858E562-E805-4939-A53A-21F2AB342F49}.Debug|Any CPU.ActiveCfg = Debug|Any CPU
		{A858E562-E805-4939-A53A-21F2AB342F49}.Debug|Any CPU.Build.0 = Debug|Any CPU
		{A858E562-E805-4939-A53A-21F2AB342F49}.Release|Any CPU.ActiveCfg = Release|Any CPU
		{A858E562-E805-4939-A53A-21F2AB342F49}.Release|Any CPU.Build.0 = Release|Any CPU
		{07ABBDD6-13FE-49D3-8C3E-6FE1D2DAC829}.Debug|Any CPU.ActiveCfg = Debug|Any CPU
		{07ABBDD6-13FE-49D3-8C3E-6FE1D2DAC829}.Debug|Any CPU.Build.0 = Debug|Any CPU
		{07ABBDD6-13FE-49D3-8C3E-6FE1D2DAC829}.Release|Any CPU.ActiveCfg = Release|Any CPU
		{07ABBDD6-13FE-49D3-8C3E-6FE1D2DAC829}.Release|Any CPU.Build.0 = Release|Any CPU
		{79F4E353-9131-4E55-83CE-BD722FBC4195}.Debug|Any CPU.ActiveCfg = Debug|Any CPU
		{79F4E353-9131-4E55-83CE-BD722FBC4195}.Debug|Any CPU.Build.0 = Debug|Any CPU
		{79F4E353-9131-4E55-83CE-BD722FBC4195}.Release|Any CPU.ActiveCfg = Release|Any CPU
		{79F4E353-9131-4E55-83CE-BD722FBC4195}.Release|Any CPU.Build.0 = Release|Any CPU
		{829B5D07-46F9-4FD3-99AB-C01914CE03FC}.Debug|Any CPU.ActiveCfg = Debug|Any CPU
		{829B5D07-46F9-4FD3-99AB-C01914CE03FC}.Debug|Any CPU.Build.0 = Debug|Any CPU
		{829B5D07-46F9-4FD3-99AB-C01914CE03FC}.Release|Any CPU.ActiveCfg = Release|Any CPU
		{829B5D07-46F9-4FD3-99AB-C01914CE03FC}.Release|Any CPU.Build.0 = Release|Any CPU
		{E3DAF92E-E72F-450D-A452-1B3BF531A9F7}.Debug|Any CPU.ActiveCfg = Debug|Any CPU
		{E3DAF92E-E72F-450D-A452-1B3BF531A9F7}.Debug|Any CPU.Build.0 = Debug|Any CPU
		{E3DAF92E-E72F-450D-A452-1B3BF531A9F7}.Release|Any CPU.ActiveCfg = Release|Any CPU
		{E3DAF92E-E72F-450D-A452-1B3BF531A9F7}.Release|Any CPU.Build.0 = Release|Any CPU
		{ECCED43F-5930-4D38-ABFC-B602AFDB5C26}.Debug|Any CPU.ActiveCfg = Debug|Any CPU
		{ECCED43F-5930-4D38-ABFC-B602AFDB5C26}.Debug|Any CPU.Build.0 = Debug|Any CPU
		{ECCED43F-5930-4D38-ABFC-B602AFDB5C26}.Release|Any CPU.ActiveCfg = Release|Any CPU
		{ECCED43F-5930-4D38-ABFC-B602AFDB5C26}.Release|Any CPU.Build.0 = Release|Any CPU
		{61C4317F-5EC0-446D-A0E6-560D9EAAAF66}.Debug|Any CPU.ActiveCfg = Debug|Any CPU
		{61C4317F-5EC0-446D-A0E6-560D9EAAAF66}.Debug|Any CPU.Build.0 = Debug|Any CPU
		{61C4317F-5EC0-446D-A0E6-560D9EAAAF66}.Release|Any CPU.ActiveCfg = Release|Any CPU
		{61C4317F-5EC0-446D-A0E6-560D9EAAAF66}.Release|Any CPU.Build.0 = Release|Any CPU
	EndGlobalSection
	GlobalSection(SolutionProperties) = preSolution
		HideSolutionNode = FALSE
	EndGlobalSection
	GlobalSection(ExtensibilityGlobals) = postSolution
		SolutionGuid = {FA2986E4-DFF1-4E3C-962E-423503865214}
	EndGlobalSection
EndGlobal
